
Microsoft Visual Studio Solution File, Format Version 12.00
# Visual Studio Version 16
VisualStudioVersion = 16.0.28922.388
MinimumVisualStudioVersion = 10.0.40219.1
Project("{FAE04EC0-301F-11D3-BF4B-00C04F79EFBC}") = "BugSnag", "BugSnag\BugSnag.csproj", "{F9218DDD-B888-4CB8-B0F3-B68B33A37683}"
EndProject
Global
	GlobalSection(SolutionConfigurationPlatforms) = preSolution
		Debug|Any CPU = Debug|Any CPU
		Release|Any CPU = Release|Any CPU
	EndGlobalSection
	GlobalSection(ProjectConfigurationPlatforms) = postSolution
		{F9218DDD-B888-4CB8-B0F3-B68B33A37683}.Debug|Any CPU.ActiveCfg = Debug|Any CPU
		{F9218DDD-B888-4CB8-B0F3-B68B33A37683}.Debug|Any CPU.Build.0 = Debug|Any CPU
		{F9218DDD-B888-4CB8-B0F3-B68B33A37683}.Release|Any CPU.ActiveCfg = Release|Any CPU
		{F9218DDD-B888-4CB8-B0F3-B68B33A37683}.Release|Any CPU.Build.0 = Release|Any CPU
	EndGlobalSection
	GlobalSection(SolutionProperties) = preSolution
		HideSolutionNode = FALSE
	EndGlobalSection
	GlobalSection(ExtensibilityGlobals) = postSolution
		SolutionGuid = {69515880-6E6A-47B3-85E8-902C380F0FC4}
	EndGlobalSection
EndGlobal
